
Microsoft Visual Studio Solution File, Format Version 12.00
# Visual Studio Version 17
VisualStudioVersion = 17.8.34330.188
MinimumVisualStudioVersion = 10.0.40219.1
Project("{FAE04EC0-301F-11D3-BF4B-00C04F79EFBC}") = "WebApplication1", "WebApplication1\WebApplication1.csproj", "{AF7F0550-99AF-42EB-9A83-5E442E4101C3}"
EndProject
Global
	GlobalSection(SolutionConfigurationPlatforms) = preSolution
		Debug|Any CPU = Debug|Any CPU
		Release|Any CPU = Release|Any CPU
	EndGlobalSection
	GlobalSection(ProjectConfigurationPlatforms) = postSolution
		{AF7F0550-99AF-42EB-9A83-5E442E4101C3}.Debug|Any CPU.ActiveCfg = Debug|Any CPU
		{AF7F0550-99AF-42EB-9A83-5E442E4101C3}.Debug|Any CPU.Build.0 = Debug|Any CPU
		{AF7F0550-99AF-42EB-9A83-5E442E4101C3}.Release|Any CPU.ActiveCfg = Release|Any CPU
		{AF7F0550-99AF-42EB-9A83-5E442E4101C3}.Release|Any CPU.Build.0 = Release|Any CPU
	EndGlobalSection
	GlobalSection(SolutionProperties) = preSolution
		HideSolutionNode = FALSE
	EndGlobalSection
	GlobalSection(ExtensibilityGlobals) = postSolution
		SolutionGuid = {DF7142F3-C225-4425-BD0E-2D1740680C3B}
	EndGlobalSection
EndGlobal
